
Microsoft Visual Studio Solution File, Format Version 12.00
# Visual Studio Version 16
VisualStudioVersion = 16.0.810.6
MinimumVisualStudioVersion = 10.0.40219.1
Project("{FAE04EC0-301F-11D3-BF4B-00C04F79EFBC}") = "WM_Dev_Challenge_API_1", "WM_Dev_Challenge_API_1\WM_Dev_Challenge_API_1.csproj", "{9973DD3A-62CB-4D8B-814A-F2369B854CFF}"
EndProject
Project("{2150E333-8FDC-42A3-9474-1A3956D46DE8}") = "Solution Items", "Solution Items", "{962E75FA-B3DB-4E61-9EE0-525F4D144D87}"
EndProject
Global
	GlobalSection(SolutionConfigurationPlatforms) = preSolution
		Debug|Any CPU = Debug|Any CPU
		Release|Any CPU = Release|Any CPU
	EndGlobalSection
	GlobalSection(ProjectConfigurationPlatforms) = postSolution
		{9973DD3A-62CB-4D8B-814A-F2369B854CFF}.Debug|Any CPU.ActiveCfg = Debug|Any CPU
		{9973DD3A-62CB-4D8B-814A-F2369B854CFF}.Debug|Any CPU.Build.0 = Debug|Any CPU
		{9973DD3A-62CB-4D8B-814A-F2369B854CFF}.Release|Any CPU.ActiveCfg = Release|Any CPU
		{9973DD3A-62CB-4D8B-814A-F2369B854CFF}.Release|Any CPU.Build.0 = Release|Any CPU
	EndGlobalSection
	GlobalSection(SolutionProperties) = preSolution
		HideSolutionNode = FALSE
	EndGlobalSection
	GlobalSection(ExtensibilityGlobals) = postSolution
		SolutionGuid = {26FF8BE3-B9C9-4C43-948E-AFD728F7BF22}
	EndGlobalSection
EndGlobal
